
Microsoft Visual Studio Solution File, Format Version 12.00
# Visual Studio 15
VisualStudioVersion = 15.0.26430.6
MinimumVisualStudioVersion = 10.0.40219.1
Project("{9A19103F-16F7-4668-BE54-9A1E7A4F7556}") = "CloudEd.Web", "CloudEd.Web\CloudEd.Web.csproj", "{C2F51532-D25F-4787-90F8-0B6455F346ED}"
EndProject
Project("{9A19103F-16F7-4668-BE54-9A1E7A4F7556}") = "CloudEd.Tests", "CloudEd.Tests\CloudEd.Tests\CloudEd.Tests.csproj", "{DD493F10-743B-4E31-911E-58590989BDB7}"
EndProject
Project("{9A19103F-16F7-4668-BE54-9A1E7A4F7556}") = "CloudEd.BLL", "CloudEd.BLL\CloudEd.BLL.csproj", "{0FD68706-AD1B-49DD-8FAD-EFD7668EB9C8}"
EndProject
Project("{FAE04EC0-301F-11D3-BF4B-00C04F79EFBC}") = "CloudEd.DAL", "CloudEd.DAL\CloudEd.DAL.csproj", "{56B75AFF-FBBD-4526-B8B4-84DFEFA1CB94}"
EndProject
Global
	GlobalSection(SolutionConfigurationPlatforms) = preSolution
		Debug|Any CPU = Debug|Any CPU
		Release|Any CPU = Release|Any CPU
	EndGlobalSection
	GlobalSection(ProjectConfigurationPlatforms) = postSolution
		{C2F51532-D25F-4787-90F8-0B6455F346ED}.Debug|Any CPU.ActiveCfg = Debug|Any CPU
		{C2F51532-D25F-4787-90F8-0B6455F346ED}.Debug|Any CPU.Build.0 = Debug|Any CPU
		{C2F51532-D25F-4787-90F8-0B6455F346ED}.Release|Any CPU.ActiveCfg = Release|Any CPU
		{C2F51532-D25F-4787-90F8-0B6455F346ED}.Release|Any CPU.Build.0 = Release|Any CPU
		{DD493F10-743B-4E31-911E-58590989BDB7}.Debug|Any CPU.ActiveCfg = Debug|Any CPU
		{DD493F10-743B-4E31-911E-58590989BDB7}.Debug|Any CPU.Build.0 = Debug|Any CPU
		{DD493F10-743B-4E31-911E-58590989BDB7}.Release|Any CPU.ActiveCfg = Release|Any CPU
		{DD493F10-743B-4E31-911E-58590989BDB7}.Release|Any CPU.Build.0 = Release|Any CPU
		{0FD68706-AD1B-49DD-8FAD-EFD7668EB9C8}.Debug|Any CPU.ActiveCfg = Debug|Any CPU
		{0FD68706-AD1B-49DD-8FAD-EFD7668EB9C8}.Debug|Any CPU.Build.0 = Debug|Any CPU
		{0FD68706-AD1B-49DD-8FAD-EFD7668EB9C8}.Release|Any CPU.ActiveCfg = Release|Any CPU
		{0FD68706-AD1B-49DD-8FAD-EFD7668EB9C8}.Release|Any CPU.Build.0 = Release|Any CPU
		{56B75AFF-FBBD-4526-B8B4-84DFEFA1CB94}.Debug|Any CPU.ActiveCfg = Debug|Any CPU
		{56B75AFF-FBBD-4526-B8B4-84DFEFA1CB94}.Debug|Any CPU.Build.0 = Debug|Any CPU
		{56B75AFF-FBBD-4526-B8B4-84DFEFA1CB94}.Release|Any CPU.ActiveCfg = Release|Any CPU
		{56B75AFF-FBBD-4526-B8B4-84DFEFA1CB94}.Release|Any CPU.Build.0 = Release|Any CPU
	EndGlobalSection
	GlobalSection(SolutionProperties) = preSolution
		HideSolutionNode = FALSE
	EndGlobalSection
EndGlobal
